
Microsoft Visual Studio Solution File, Format Version 12.00
# Visual Studio Version 16
VisualStudioVersion = 16.0.31911.196
MinimumVisualStudioVersion = 10.0.40219.1
Project("{9A19103F-16F7-4668-BE54-9A1E7A4F7556}") = "MarketAccess V2.0", "MarketAccess V2.0\MarketAccess V2.0.csproj", "{CF815620-560C-4E79-9481-71432DE0AFF4}"
EndProject
Project("{9A19103F-16F7-4668-BE54-9A1E7A4F7556}") = "LibMarketAcces V2.0", "LibMarketAcces V2.0\LibMarketAcces V2.0.csproj", "{3388C50F-D1A6-4943-846D-663C0E473045}"
EndProject
Project("{9A19103F-16F7-4668-BE54-9A1E7A4F7556}") = "MarketAccess V1.0", "..\MarketV1.0\MarketAccess 1.0\MarketAccess V1.0.csproj", "{B5E10D02-4052-4264-B0DE-BC025E5AAE35}"
EndProject
Global
	GlobalSection(SolutionConfigurationPlatforms) = preSolution
		Debug|Any CPU = Debug|Any CPU
		Release|Any CPU = Release|Any CPU
	EndGlobalSection
	GlobalSection(ProjectConfigurationPlatforms) = postSolution
		{CF815620-560C-4E79-9481-71432DE0AFF4}.Debug|Any CPU.ActiveCfg = Debug|Any CPU
		{CF815620-560C-4E79-9481-71432DE0AFF4}.Debug|Any CPU.Build.0 = Debug|Any CPU
		{CF815620-560C-4E79-9481-71432DE0AFF4}.Release|Any CPU.ActiveCfg = Release|Any CPU
		{CF815620-560C-4E79-9481-71432DE0AFF4}.Release|Any CPU.Build.0 = Release|Any CPU
		{3388C50F-D1A6-4943-846D-663C0E473045}.Debug|Any CPU.ActiveCfg = Debug|Any CPU
		{3388C50F-D1A6-4943-846D-663C0E473045}.Debug|Any CPU.Build.0 = Debug|Any CPU
		{3388C50F-D1A6-4943-846D-663C0E473045}.Release|Any CPU.ActiveCfg = Release|Any CPU
		{3388C50F-D1A6-4943-846D-663C0E473045}.Release|Any CPU.Build.0 = Release|Any CPU
		{B5E10D02-4052-4264-B0DE-BC025E5AAE35}.Debug|Any CPU.ActiveCfg = Debug|Any CPU
		{B5E10D02-4052-4264-B0DE-BC025E5AAE35}.Debug|Any CPU.Build.0 = Debug|Any CPU
		{B5E10D02-4052-4264-B0DE-BC025E5AAE35}.Release|Any CPU.ActiveCfg = Release|Any CPU
		{B5E10D02-4052-4264-B0DE-BC025E5AAE35}.Release|Any CPU.Build.0 = Release|Any CPU
	EndGlobalSection
	GlobalSection(SolutionProperties) = preSolution
		HideSolutionNode = FALSE
	EndGlobalSection
	GlobalSection(ExtensibilityGlobals) = postSolution
		SolutionGuid = {BBD9EA9C-B3AC-401D-B0E1-74B1DBD72E2C}
	EndGlobalSection
EndGlobal
