
Microsoft Visual Studio Solution File, Format Version 12.00
# Visual Studio Version 16
VisualStudioVersion = 16.0.31911.196
MinimumVisualStudioVersion = 10.0.40219.1
Project("{FAE04EC0-301F-11D3-BF4B-00C04F79EFBC}") = "UnitTestMarket", "UnitTestMarket\UnitTestMarket.csproj", "{13166D5C-7F2A-4AE9-96B4-5AE331587904}"
EndProject
Project("{FAE04EC0-301F-11D3-BF4B-00C04F79EFBC}") = "fct1", "fct1\fct1.csproj", "{A498394E-7A82-45C6-BF41-5EC67DA4566C}"
EndProject
Project("{FAE04EC0-301F-11D3-BF4B-00C04F79EFBC}") = "libMarket", "libMarket\libMarket.csproj", "{12B29AB8-5C8E-44DB-B3FB-0AB1F1978461}"
EndProject
Global
	GlobalSection(SolutionConfigurationPlatforms) = preSolution
		Debug|Any CPU = Debug|Any CPU
		Release|Any CPU = Release|Any CPU
	EndGlobalSection
	GlobalSection(ProjectConfigurationPlatforms) = postSolution
		{13166D5C-7F2A-4AE9-96B4-5AE331587904}.Debug|Any CPU.ActiveCfg = Debug|Any CPU
		{13166D5C-7F2A-4AE9-96B4-5AE331587904}.Debug|Any CPU.Build.0 = Debug|Any CPU
		{13166D5C-7F2A-4AE9-96B4-5AE331587904}.Release|Any CPU.ActiveCfg = Release|Any CPU
		{13166D5C-7F2A-4AE9-96B4-5AE331587904}.Release|Any CPU.Build.0 = Release|Any CPU
		{A498394E-7A82-45C6-BF41-5EC67DA4566C}.Debug|Any CPU.ActiveCfg = Debug|Any CPU
		{A498394E-7A82-45C6-BF41-5EC67DA4566C}.Debug|Any CPU.Build.0 = Debug|Any CPU
		{A498394E-7A82-45C6-BF41-5EC67DA4566C}.Release|Any CPU.ActiveCfg = Release|Any CPU
		{A498394E-7A82-45C6-BF41-5EC67DA4566C}.Release|Any CPU.Build.0 = Release|Any CPU
		{12B29AB8-5C8E-44DB-B3FB-0AB1F1978461}.Debug|Any CPU.ActiveCfg = Debug|Any CPU
		{12B29AB8-5C8E-44DB-B3FB-0AB1F1978461}.Debug|Any CPU.Build.0 = Debug|Any CPU
		{12B29AB8-5C8E-44DB-B3FB-0AB1F1978461}.Release|Any CPU.ActiveCfg = Release|Any CPU
		{12B29AB8-5C8E-44DB-B3FB-0AB1F1978461}.Release|Any CPU.Build.0 = Release|Any CPU
	EndGlobalSection
	GlobalSection(SolutionProperties) = preSolution
		HideSolutionNode = FALSE
	EndGlobalSection
	GlobalSection(ExtensibilityGlobals) = postSolution
		SolutionGuid = {D746996F-E20B-4856-9C2C-FB256648FF72}
	EndGlobalSection
EndGlobal
