
Microsoft Visual Studio Solution File, Format Version 12.00
# Visual Studio Version 16
VisualStudioVersion = 16.0.31911.196
MinimumVisualStudioVersion = 10.0.40219.1
Project("{FAE04EC0-301F-11D3-BF4B-00C04F79EFBC}") = "PolymorphismeTest", "PolymorphismeTest\PolymorphismeTest.csproj", "{02A30691-DF5B-43AE-AFB4-749D9DAF3EBE}"
EndProject
Global
	GlobalSection(SolutionConfigurationPlatforms) = preSolution
		Debug|Any CPU = Debug|Any CPU
		Release|Any CPU = Release|Any CPU
	EndGlobalSection
	GlobalSection(ProjectConfigurationPlatforms) = postSolution
		{02A30691-DF5B-43AE-AFB4-749D9DAF3EBE}.Debug|Any CPU.ActiveCfg = Debug|Any CPU
		{02A30691-DF5B-43AE-AFB4-749D9DAF3EBE}.Debug|Any CPU.Build.0 = Debug|Any CPU
		{02A30691-DF5B-43AE-AFB4-749D9DAF3EBE}.Release|Any CPU.ActiveCfg = Release|Any CPU
		{02A30691-DF5B-43AE-AFB4-749D9DAF3EBE}.Release|Any CPU.Build.0 = Release|Any CPU
	EndGlobalSection
	GlobalSection(SolutionProperties) = preSolution
		HideSolutionNode = FALSE
	EndGlobalSection
	GlobalSection(ExtensibilityGlobals) = postSolution
		SolutionGuid = {E9AF1480-7935-4AED-A849-B4371727C18C}
	EndGlobalSection
EndGlobal
